
Microsoft Visual Studio Solution File, Format Version 12.00
# Visual Studio Version 17
VisualStudioVersion = 17.8.34511.84
MinimumVisualStudioVersion = 10.0.40219.1
Project("{FAE04EC0-301F-11D3-BF4B-00C04F79EFBC}") = "RLyden", "RLyden.csproj", "{2B0905C2-925B-4A18-89FE-22A5D425FBDC}"
EndProject
Global
	GlobalSection(SolutionConfigurationPlatforms) = preSolution
		Debug|Any CPU = Debug|Any CPU
		Release|Any CPU = Release|Any CPU
	EndGlobalSection
	GlobalSection(ProjectConfigurationPlatforms) = postSolution
		{2B0905C2-925B-4A18-89FE-22A5D425FBDC}.Debug|Any CPU.ActiveCfg = Debug|Any CPU
		{2B0905C2-925B-4A18-89FE-22A5D425FBDC}.Debug|Any CPU.Build.0 = Debug|Any CPU
		{2B0905C2-925B-4A18-89FE-22A5D425FBDC}.Release|Any CPU.ActiveCfg = Release|Any CPU
		{2B0905C2-925B-4A18-89FE-22A5D425FBDC}.Release|Any CPU.Build.0 = Release|Any CPU
	EndGlobalSection
	GlobalSection(SolutionProperties) = preSolution
		HideSolutionNode = FALSE
	EndGlobalSection
	GlobalSection(ExtensibilityGlobals) = postSolution
		SolutionGuid = {D96A9674-6CA6-4721-ADA0-328A4C7759BC}
	EndGlobalSection
EndGlobal
